// !$*UTF8*$!
{
	archiveVersion = 1;
	classes = {
	};
	objectVersion = 55;
	objects = {

/* Begin PBXBuildFile section */
		2F430E432847A2EE0055E44F /* RealmTableViewCell.swift in Sources */ = {isa = PBXBuildFile; fileRef = 2F430E422847A2ED0055E44F /* RealmTableViewCell.swift */; };
		2F4AD2862846C00500F3726E /* AppDelegate.swift in Sources */ = {isa = PBXBuildFile; fileRef = 2F4AD2852846C00500F3726E /* AppDelegate.swift */; };
		2F4AD2882846C00500F3726E /* SceneDelegate.swift in Sources */ = {isa = PBXBuildFile; fileRef = 2F4AD2872846C00500F3726E /* SceneDelegate.swift */; };
		2F4AD28A2846C00600F3726E /* UserDefaultsViewController.swift in Sources */ = {isa = PBXBuildFile; fileRef = 2F4AD2892846C00500F3726E /* UserDefaultsViewController.swift */; };
		2F4AD28D2846C00600F3726E /* Main.storyboard in Resources */ = {isa = PBXBuildFile; fileRef = 2F4AD28B2846C00600F3726E /* Main.storyboard */; };
		2F4AD2902846C00600F3726E /* Module_14.xcdatamodeld in Sources */ = {isa = PBXBuildFile; fileRef = 2F4AD28E2846C00600F3726E /* Module_14.xcdatamodeld */; };
		2F4AD2922846C00F00F3726E /* Assets.xcassets in Resources */ = {isa = PBXBuildFile; fileRef = 2F4AD2912846C00F00F3726E /* Assets.xcassets */; };
		2F4AD2952846C00F00F3726E /* LaunchScreen.storyboard in Resources */ = {isa = PBXBuildFile; fileRef = 2F4AD2932846C00F00F3726E /* LaunchScreen.storyboard */; };
		2F4AD29D2846C3FB00F3726E /* RealmViewController.swift in Sources */ = {isa = PBXBuildFile; fileRef = 2F4AD29C2846C3FB00F3726E /* RealmViewController.swift */; };
		2F4AD29F2846C41000F3726E /* CoreDataViewController.swift in Sources */ = {isa = PBXBuildFile; fileRef = 2F4AD29E2846C41000F3726E /* CoreDataViewController.swift */; };
		2F4AD2A12846C41F00F3726E /* WeatherViewController.swift in Sources */ = {isa = PBXBuildFile; fileRef = 2F4AD2A02846C41F00F3726E /* WeatherViewController.swift */; };
		2F4AD2A32846C64B00F3726E /* Persistence.swift in Sources */ = {isa = PBXBuildFile; fileRef = 2F4AD2A22846C64A00F3726E /* Persistence.swift */; };
		E823511C64E58B6D5B9CF173 /* Pods_Module_14.framework in Frameworks */ = {isa = PBXBuildFile; fileRef = B705EA39268BD3010A048131 /* Pods_Module_14.framework */; };
/* End PBXBuildFile section */

/* Begin PBXFileReference section */
		041F5207F6393577F8387B7B /* Pods-Module 14.release.xcconfig */ = {isa = PBXFileReference; includeInIndex = 1; lastKnownFileType = text.xcconfig; name = "Pods-Module 14.release.xcconfig"; path = "Target Support Files/Pods-Module 14/Pods-Module 14.release.xcconfig"; sourceTree = "<group>"; };
		2F430E422847A2ED0055E44F /* RealmTableViewCell.swift */ = {isa = PBXFileReference; lastKnownFileType = sourcecode.swift; path = RealmTableViewCell.swift; sourceTree = "<group>"; };
		2F4AD2822846C00500F3726E /* Module 14.app */ = {isa = PBXFileReference; explicitFileType = wrapper.application; includeInIndex = 0; path = "Module 14.app"; sourceTree = BUILT_PRODUCTS_DIR; };
		2F4AD2852846C00500F3726E /* AppDelegate.swift */ = {isa = PBXFileReference; lastKnownFileType = sourcecode.swift; path = AppDelegate.swift; sourceTree = "<group>"; };
		2F4AD2872846C00500F3726E /* SceneDelegate.swift */ = {isa = PBXFileReference; lastKnownFileType = sourcecode.swift; path = SceneDelegate.swift; sourceTree = "<group>"; };
		2F4AD2892846C00500F3726E /* UserDefaultsViewController.swift */ = {isa = PBXFileReference; lastKnownFileType = sourcecode.swift; path = UserDefaultsViewController.swift; sourceTree = "<group>"; };
		2F4AD28C2846C00600F3726E /* Base */ = {isa = PBXFileReference; lastKnownFileType = file.storyboard; name = Base; path = Base.lproj/Main.storyboard; sourceTree = "<group>"; };
		2F4AD28F2846C00600F3726E /* Module_14.xcdatamodel */ = {isa = PBXFileReference; lastKnownFileType = wrapper.xcdatamodel; path = Module_14.xcdatamodel; sourceTree = "<group>"; };
		2F4AD2912846C00F00F3726E /* Assets.xcassets */ = {isa = PBXFileReference; lastKnownFileType = folder.assetcatalog; path = Assets.xcassets; sourceTree = "<group>"; };
		2F4AD2942846C00F00F3726E /* Base */ = {isa = PBXFileReference; lastKnownFileType = file.storyboard; name = Base; path = Base.lproj/LaunchScreen.storyboard; sourceTree = "<group>"; };
		2F4AD2962846C00F00F3726E /* Info.plist */ = {isa = PBXFileReference; lastKnownFileType = text.plist.xml; path = Info.plist; sourceTree = "<group>"; };
		2F4AD29C2846C3FB00F3726E /* RealmViewController.swift */ = {isa = PBXFileReference; lastKnownFileType = sourcecode.swift; path = RealmViewController.swift; sourceTree = "<group>"; };
		2F4AD29E2846C41000F3726E /* CoreDataViewController.swift */ = {isa = PBXFileReference; lastKnownFileType = sourcecode.swift; path = CoreDataViewController.swift; sourceTree = "<group>"; };
		2F4AD2A02846C41F00F3726E /* WeatherViewController.swift */ = {isa = PBXFileReference; lastKnownFileType = sourcecode.swift; path = WeatherViewController.swift; sourceTree = "<group>"; };
		2F4AD2A22846C64A00F3726E /* Persistence.swift */ = {isa = PBXFileReference; lastKnownFileType = sourcecode.swift; path = Persistence.swift; sourceTree = "<group>"; };
		AE8D7D7C2EEA155C3B1B8019 /* Pods-Module 14.debug.xcconfig */ = {isa = PBXFileReference; includeInIndex = 1; lastKnownFileType = text.xcconfig; name = "Pods-Module 14.debug.xcconfig"; path = "Target Support Files/Pods-Module 14/Pods-Module 14.debug.xcconfig"; sourceTree = "<group>"; };
		B705EA39268BD3010A048131 /* Pods_Module_14.framework */ = {isa = PBXFileReference; explicitFileType = wrapper.framework; includeInIndex = 0; path = Pods_Module_14.framework; sourceTree = BUILT_PRODUCTS_DIR; };
/* End PBXFileReference section */

/* Begin PBXFrameworksBuildPhase section */
		2F4AD27F2846C00500F3726E /* Frameworks */ = {
			isa = PBXFrameworksBuildPhase;
			buildActionMask = 2147483647;
			files = (
				E823511C64E58B6D5B9CF173 /* Pods_Module_14.framework in Frameworks */,
			);
			runOnlyForDeploymentPostprocessing = 0;
		};
/* End PBXFrameworksBuildPhase section */

/* Begin PBXGroup section */
		2F4AD2792846C00500F3726E = {
			isa = PBXGroup;
			children = (
				2F4AD2842846C00500F3726E /* Module 14 */,
				2F4AD2832846C00500F3726E /* Products */,
				3BE7881CB8CB5DE52D2B1268 /* Pods */,
				A8DA32F759B62098BB158E73 /* Frameworks */,
			);
			sourceTree = "<group>";
		};
		2F4AD2832846C00500F3726E /* Products */ = {
			isa = PBXGroup;
			children = (
				2F4AD2822846C00500F3726E /* Module 14.app */,
			);
			name = Products;
			sourceTree = "<group>";
		};
		2F4AD2842846C00500F3726E /* Module 14 */ = {
			isa = PBXGroup;
			children = (
				2F4AD2852846C00500F3726E /* AppDelegate.swift */,
				2F4AD2872846C00500F3726E /* SceneDelegate.swift */,
				2F4AD2892846C00500F3726E /* UserDefaultsViewController.swift */,
				2F4AD29C2846C3FB00F3726E /* RealmViewController.swift */,
				2F430E422847A2ED0055E44F /* RealmTableViewCell.swift */,
				2F4AD29E2846C41000F3726E /* CoreDataViewController.swift */,
				2F4AD2A22846C64A00F3726E /* Persistence.swift */,
				2F4AD2A02846C41F00F3726E /* WeatherViewController.swift */,
				2F4AD28B2846C00600F3726E /* Main.storyboard */,
				2F4AD2912846C00F00F3726E /* Assets.xcassets */,
				2F4AD2932846C00F00F3726E /* LaunchScreen.storyboard */,
				2F4AD2962846C00F00F3726E /* Info.plist */,
				2F4AD28E2846C00600F3726E /* Module_14.xcdatamodeld */,
			);
			path = "Module 14";
			sourceTree = "<group>";
		};
		3BE7881CB8CB5DE52D2B1268 /* Pods */ = {
			isa = PBXGroup;
			children = (
				AE8D7D7C2EEA155C3B1B8019 /* Pods-Module 14.debug.xcconfig */,
				041F5207F6393577F8387B7B /* Pods-Module 14.release.xcconfig */,
			);
			path = Pods;
			sourceTree = "<group>";
		};
		A8DA32F759B62098BB158E73 /* Frameworks */ = {
			isa = PBXGroup;
			children = (
				B705EA39268BD3010A048131 /* Pods_Module_14.framework */,
			);
			name = Frameworks;
			sourceTree = "<group>";
		};
/* End PBXGroup section */

/* Begin PBXNativeTarget section */
		2F4AD2812846C00500F3726E /* Module 14 */ = {
			isa = PBXNativeTarget;
			buildConfigurationList = 2F4AD2992846C00F00F3726E /* Build configuration list for PBXNativeTarget "Module 14" */;
			buildPhases = (
				ADD4B683094207A429358C3F /* [CP] Check Pods Manifest.lock */,
				2F4AD27E2846C00500F3726E /* Sources */,
				2F4AD27F2846C00500F3726E /* Frameworks */,
				2F4AD2802846C00500F3726E /* Resources */,
				3A7D0560FCB7C8E85C21F691 /* [CP] Embed Pods Frameworks */,
			);
			buildRules = (
			);
			dependencies = (
			);
			name = "Module 14";
			productName = "Module 14";
			productReference = 2F4AD2822846C00500F3726E /* Module 14.app */;
			productType = "com.apple.product-type.application";
		};
/* End PBXNativeTarget section */

/* Begin PBXProject section */
		2F4AD27A2846C00500F3726E /* Project object */ = {
			isa = PBXProject;
			attributes = {
				BuildIndependentTargetsInParallel = 1;
				LastSwiftUpdateCheck = 1340;
				LastUpgradeCheck = 1340;
				TargetAttributes = {
					2F4AD2812846C00500F3726E = {
						CreatedOnToolsVersion = 13.4;
					};
				};
			};
			buildConfigurationList = 2F4AD27D2846C00500F3726E /* Build configuration list for PBXProject "Module 14" */;
			compatibilityVersion = "Xcode 13.0";
			developmentRegion = en;
			hasScannedForEncodings = 0;
			knownRegions = (
				en,
				Base,
			);
			mainGroup = 2F4AD2792846C00500F3726E;
			productRefGroup = 2F4AD2832846C00500F3726E /* Products */;
			projectDirPath = "";
			projectRoot = "";
			targets = (
				2F4AD2812846C00500F3726E /* Module 14 */,
			);
		};
/* End PBXProject section */

/* Begin PBXResourcesBuildPhase section */
		2F4AD2802846C00500F3726E /* Resources */ = {
			isa = PBXResourcesBuildPhase;
			buildActionMask = 2147483647;
			files = (
				2F4AD2952846C00F00F3726E /* LaunchScreen.storyboard in Resources */,
				2F4AD2922846C00F00F3726E /* Assets.xcassets in Resources */,
				2F4AD28D2846C00600F3726E /* Main.storyboard in Resources */,
			);
			runOnlyForDeploymentPostprocessing = 0;
		};
/* End PBXResourcesBuildPhase section */

/* Begin PBXShellScriptBuildPhase section */
		3A7D0560FCB7C8E85C21F691 /* [CP] Embed Pods Frameworks */ = {
			isa = PBXShellScriptBuildPhase;
			buildActionMask = 2147483647;
			files = (
			);
			inputFileListPaths = (
				"${PODS_ROOT}/Target Support Files/Pods-Module 14/Pods-Module 14-frameworks-${CONFIGURATION}-input-files.xcfilelist",
			);
			name = "[CP] Embed Pods Frameworks";
			outputFileListPaths = (
				"${PODS_ROOT}/Target Support Files/Pods-Module 14/Pods-Module 14-frameworks-${CONFIGURATION}-output-files.xcfilelist",
			);
			runOnlyForDeploymentPostprocessing = 0;
			shellPath = /bin/sh;
			shellScript = "\"${PODS_ROOT}/Target Support Files/Pods-Module 14/Pods-Module 14-frameworks.sh\"\n";
			showEnvVarsInLog = 0;
		};
		ADD4B683094207A429358C3F /* [CP] Check Pods Manifest.lock */ = {
			isa = PBXShellScriptBuildPhase;
			buildActionMask = 2147483647;
			files = (
			);
			inputFileListPaths = (
			);
			inputPaths = (
				"${PODS_PODFILE_DIR_PATH}/Podfile.lock",
				"${PODS_ROOT}/Manifest.lock",
			);
			name = "[CP] Check Pods Manifest.lock";
			outputFileListPaths = (
			);
			outputPaths = (
				"$(DERIVED_FILE_DIR)/Pods-Module 14-checkManifestLockResult.txt",
			);
			runOnlyForDeploymentPostprocessing = 0;
			shellPath = /bin/sh;
			shellScript = "diff \"${PODS_PODFILE_DIR_PATH}/Podfile.lock\" \"${PODS_ROOT}/Manifest.lock\" > /dev/null\nif [ $? != 0 ] ; then\n    # print error to STDERR\n    echo \"error: The sandbox is not in sync with the Podfile.lock. Run 'pod install' or update your CocoaPods installation.\" >&2\n    exit 1\nfi\n# This output is used by Xcode 'outputs' to avoid re-running this script phase.\necho \"SUCCESS\" > \"${SCRIPT_OUTPUT_FILE_0}\"\n";
			showEnvVarsInLog = 0;
		};
/* End PBXShellScriptBuildPhase section */

/* Begin PBXSourcesBuildPhase section */
		2F4AD27E2846C00500F3726E /* Sources */ = {
			isa = PBXSourcesBuildPhase;
			buildActionMask = 2147483647;
			files = (
				2F4AD2902846C00600F3726E /* Module_14.xcdatamodeld in Sources */,
				2F4AD2A32846C64B00F3726E /* Persistence.swift in Sources */,
				2F4AD28A2846C00600F3726E /* UserDefaultsViewController.swift in Sources */,
				2F4AD29D2846C3FB00F3726E /* RealmViewController.swift in Sources */,
				2F430E432847A2EE0055E44F /* RealmTableViewCell.swift in Sources */,
				2F4AD29F2846C41000F3726E /* CoreDataViewController.swift in Sources */,
				2F4AD2A12846C41F00F3726E /* WeatherViewController.swift in Sources */,
				2F4AD2862846C00500F3726E /* AppDelegate.swift in Sources */,
				2F4AD2882846C00500F3726E /* SceneDelegate.swift in Sources */,
			);
			runOnlyForDeploymentPostprocessing = 0;
		};
/* End PBXSourcesBuildPhase section */

/* Begin PBXVariantGroup section */
		2F4AD28B2846C00600F3726E /* Main.storyboard */ = {
			isa = PBXVariantGroup;
			children = (
				2F4AD28C2846C00600F3726E /* Base */,
			);
			name = Main.storyboard;
			sourceTree = "<group>";
		};
		2F4AD2932846C00F00F3726E /* LaunchScreen.storyboard */ = {
			isa = PBXVariantGroup;
			children = (
				2F4AD2942846C00F00F3726E /* Base */,
			);
			name = LaunchScreen.storyboard;
			sourceTree = "<group>";
		};
/* End PBXVariantGroup section */

/* Begin XCBuildConfiguration section */
		2F4AD2972846C00F00F3726E /* Debug */ = {
			isa = XCBuildConfiguration;
			buildSettings = {
				ALWAYS_SEARCH_USER_PATHS = NO;
				CLANG_ANALYZER_NONNULL = YES;
				CLANG_ANALYZER_NUMBER_OBJECT_CONVERSION = YES_AGGRESSIVE;
				CLANG_CXX_LANGUAGE_STANDARD = "gnu++17";
				CLANG_ENABLE_MODULES = YES;
				CLANG_ENABLE_OBJC_ARC = YES;
				CLANG_ENABLE_OBJC_WEAK = YES;
				CLANG_WARN_BLOCK_CAPTURE_AUTORELEASING = YES;
				CLANG_WARN_BOOL_CONVERSION = YES;
				CLANG_WARN_COMMA = YES;
				CLANG_WARN_CONSTANT_CONVERSION = YES;
				CLANG_WARN_DEPRECATED_OBJC_IMPLEMENTATIONS = YES;
				CLANG_WARN_DIRECT_OBJC_ISA_USAGE = YES_ERROR;
				CLANG_WARN_DOCUMENTATION_COMMENTS = YES;
				CLANG_WARN_EMPTY_BODY = YES;
				CLANG_WARN_ENUM_CONVERSION = YES;
				CLANG_WARN_INFINITE_RECURSION = YES;
				CLANG_WARN_INT_CONVERSION = YES;
				CLANG_WARN_NON_LITERAL_NULL_CONVERSION = YES;
				CLANG_WARN_OBJC_IMPLICIT_RETAIN_SELF = YES;
				CLANG_WARN_OBJC_LITERAL_CONVERSION = YES;
				CLANG_WARN_OBJC_ROOT_CLASS = YES_ERROR;
				CLANG_WARN_QUOTED_INCLUDE_IN_FRAMEWORK_HEADER = YES;
				CLANG_WARN_RANGE_LOOP_ANALYSIS = YES;
				CLANG_WARN_STRICT_PROTOTYPES = YES;
				CLANG_WARN_SUSPICIOUS_MOVE = YES;
				CLANG_WARN_UNGUARDED_AVAILABILITY = YES_AGGRESSIVE;
				CLANG_WARN_UNREACHABLE_CODE = YES;
				CLANG_WARN__DUPLICATE_METHOD_MATCH = YES;
				COPY_PHASE_STRIP = NO;
				DEBUG_INFORMATION_FORMAT = dwarf;
				ENABLE_STRICT_OBJC_MSGSEND = YES;
				ENABLE_TESTABILITY = YES;
				GCC_C_LANGUAGE_STANDARD = gnu11;
				GCC_DYNAMIC_NO_PIC = NO;
				GCC_NO_COMMON_BLOCKS = YES;
				GCC_OPTIMIZATION_LEVEL = 0;
				GCC_PREPROCESSOR_DEFINITIONS = (
					"DEBUG=1",
					"$(inherited)",
				);
				GCC_WARN_64_TO_32_BIT_CONVERSION = YES;
				GCC_WARN_ABOUT_RETURN_TYPE = YES_ERROR;
				GCC_WARN_UNDECLARED_SELECTOR = YES;
				GCC_WARN_UNINITIALIZED_AUTOS = YES_AGGRESSIVE;
				GCC_WARN_UNUSED_FUNCTION = YES;
				GCC_WARN_UNUSED_VARIABLE = YES;
				IPHONEOS_DEPLOYMENT_TARGET = 15.5;
				MTL_ENABLE_DEBUG_INFO = INCLUDE_SOURCE;
				MTL_FAST_MATH = YES;
				ONLY_ACTIVE_ARCH = YES;
				SDKROOT = iphoneos;
				SWIFT_ACTIVE_COMPILATION_CONDITIONS = DEBUG;
				SWIFT_OPTIMIZATION_LEVEL = "-Onone";
			};
			name = Debug;
		};
		2F4AD2982846C00F00F3726E /* Release */ = {
			isa = XCBuildConfiguration;
			buildSettings = {
				ALWAYS_SEARCH_USER_PATHS = NO;
				CLANG_ANALYZER_NONNULL = YES;
				CLANG_ANALYZER_NUMBER_OBJECT_CONVERSION = YES_AGGRESSIVE;
				CLANG_CXX_LANGUAGE_STANDARD = "gnu++17";
				CLANG_ENABLE_MODULES = YES;
				CLANG_ENABLE_OBJC_ARC = YES;
				CLANG_ENABLE_OBJC_WEAK = YES;
				CLANG_WARN_BLOCK_CAPTURE_AUTORELEASING = YES;
				CLANG_WARN_BOOL_CONVERSION = YES;
				CLANG_WARN_COMMA = YES;
				CLANG_WARN_CONSTANT_CONVERSION = YES;
				CLANG_WARN_DEPRECATED_OBJC_IMPLEMENTATIONS = YES;
				CLANG_WARN_DIRECT_OBJC_ISA_USAGE = YES_ERROR;
				CLANG_WARN_DOCUMENTATION_COMMENTS = YES;
				CLANG_WARN_EMPTY_BODY = YES;
				CLANG_WARN_ENUM_CONVERSION = YES;
				CLANG_WARN_INFINITE_RECURSION = YES;
				CLANG_WARN_INT_CONVERSION = YES;
				CLANG_WARN_NON_LITERAL_NULL_CONVERSION = YES;
				CLANG_WARN_OBJC_IMPLICIT_RETAIN_SELF = YES;
				CLANG_WARN_OBJC_LITERAL_CONVERSION = YES;
				CLANG_WARN_OBJC_ROOT_CLASS = YES_ERROR;
				CLANG_WARN_QUOTED_INCLUDE_IN_FRAMEWORK_HEADER = YES;
				CLANG_WARN_RANGE_LOOP_ANALYSIS = YES;
				CLANG_WARN_STRICT_PROTOTYPES = YES;
				CLANG_WARN_SUSPICIOUS_MOVE = YES;
				CLANG_WARN_UNGUARDED_AVAILABILITY = YES_AGGRESSIVE;
				CLANG_WARN_UNREACHABLE_CODE = YES;
				CLANG_WARN__DUPLICATE_METHOD_MATCH = YES;
				COPY_PHASE_STRIP = NO;
				DEBUG_INFORMATION_FORMAT = "dwarf-with-dsym";
				ENABLE_NS_ASSERTIONS = NO;
				ENABLE_STRICT_OBJC_MSGSEND = YES;
				GCC_C_LANGUAGE_STANDARD = gnu11;
				GCC_NO_COMMON_BLOCKS = YES;
				GCC_WARN_64_TO_32_BIT_CONVERSION = YES;
				GCC_WARN_ABOUT_RETURN_TYPE = YES_ERROR;
				GCC_WARN_UNDECLARED_SELECTOR = YES;
				GCC_WARN_UNINITIALIZED_AUTOS = YES_AGGRESSIVE;
				GCC_WARN_UNUSED_FUNCTION = YES;
				GCC_WARN_UNUSED_VARIABLE = YES;
				IPHONEOS_DEPLOYMENT_TARGET = 15.5;
				MTL_ENABLE_DEBUG_INFO = NO;
				MTL_FAST_MATH = YES;
				SDKROOT = iphoneos;
				SWIFT_COMPILATION_MODE = wholemodule;
				SWIFT_OPTIMIZATION_LEVEL = "-O";
				VALIDATE_PRODUCT = YES;
			};
			name = Release;
		};
		2F4AD29A2846C00F00F3726E /* Debug */ = {
			isa = XCBuildConfiguration;
			baseConfigurationReference = AE8D7D7C2EEA155C3B1B8019 /* Pods-Module 14.debug.xcconfig */;
			buildSettings = {
				ASSETCATALOG_COMPILER_APPICON_NAME = AppIcon;
				ASSETCATALOG_COMPILER_GLOBAL_ACCENT_COLOR_NAME = AccentColor;
				CODE_SIGN_STYLE = Automatic;
				CURRENT_PROJECT_VERSION = 1;
				GENERATE_INFOPLIST_FILE = YES;
				INFOPLIST_FILE = "Module 14/Info.plist";
				INFOPLIST_KEY_UIApplicationSupportsIndirectInputEvents = YES;
				INFOPLIST_KEY_UILaunchStoryboardName = LaunchScreen;
				INFOPLIST_KEY_UIMainStoryboardFile = Main;
				INFOPLIST_KEY_UISupportedInterfaceOrientations_iPad = "UIInterfaceOrientationPortrait UIInterfaceOrientationPortraitUpsideDown UIInterfaceOrientationLandscapeLeft UIInterfaceOrientationLandscapeRight";
				INFOPLIST_KEY_UISupportedInterfaceOrientations_iPhone = "UIInterfaceOrientationPortrait UIInterfaceOrientationLandscapeLeft UIInterfaceOrientationLandscapeRight";
				LD_RUNPATH_SEARCH_PATHS = (
					"$(inherited)",
					"@executable_path/Frameworks",
				);
				MARKETING_VERSION = 1.0;
				PRODUCT_BUNDLE_IDENTIFIER = "Avicus.Module-14";
				PRODUCT_NAME = "$(TARGET_NAME)";
				SWIFT_EMIT_LOC_STRINGS = YES;
				SWIFT_VERSION = 5.0;
				TARGETED_DEVICE_FAMILY = "1,2";
			};
			name = Debug;
		};
		2F4AD29B2846C00F00F3726E /* Release */ = {
			isa = XCBuildConfiguration;
			baseConfigurationReference = 041F5207F6393577F8387B7B /* Pods-Module 14.release.xcconfig */;
			buildSettings = {
				ASSETCATALOG_COMPILER_APPICON_NAME = AppIcon;
				ASSETCATALOG_COMPILER_GLOBAL_ACCENT_COLOR_NAME = AccentColor;
				CODE_SIGN_STYLE = Automatic;
				CURRENT_PROJECT_VERSION = 1;
				GENERATE_INFOPLIST_FILE = YES;
				INFOPLIST_FILE = "Module 14/Info.plist";
				INFOPLIST_KEY_UIApplicationSupportsIndirectInputEvents = YES;
				INFOPLIST_KEY_UILaunchStoryboardName = LaunchScreen;
				INFOPLIST_KEY_UIMainStoryboardFile = Main;
				INFOPLIST_KEY_UISupportedInterfaceOrientations_iPad = "UIInterfaceOrientationPortrait UIInterfaceOrientationPortraitUpsideDown UIInterfaceOrientationLandscapeLeft UIInterfaceOrientationLandscapeRight";
				INFOPLIST_KEY_UISupportedInterfaceOrientations_iPhone = "UIInterfaceOrientationPortrait UIInterfaceOrientationLandscapeLeft UIInterfaceOrientationLandscapeRight";
				LD_RUNPATH_SEARCH_PATHS = (
					"$(inherited)",
					"@executable_path/Frameworks",
				);
				MARKETING_VERSION = 1.0;
				PRODUCT_BUNDLE_IDENTIFIER = "Avicus.Module-14";
				PRODUCT_NAME = "$(TARGET_NAME)";
				SWIFT_EMIT_LOC_STRINGS = YES;
				SWIFT_VERSION = 5.0;
				TARGETED_DEVICE_FAMILY = "1,2";
			};
			name = Release;
		};
/* End XCBuildConfiguration section */

/* Begin XCConfigurationList section */
		2F4AD27D2846C00500F3726E /* Build configuration list for PBXProject "Module 14" */ = {
			isa = XCConfigurationList;
			buildConfigurations = (
				2F4AD2972846C00F00F3726E /* Debug */,
				2F4AD2982846C00F00F3726E /* Release */,
			);
			defaultConfigurationIsVisible = 0;
			defaultConfigurationName = Release;
		};
		2F4AD2992846C00F00F3726E /* Build configuration list for PBXNativeTarget "Module 14" */ = {
			isa = XCConfigurationList;
			buildConfigurations = (
				2F4AD29A2846C00F00F3726E /* Debug */,
				2F4AD29B2846C00F00F3726E /* Release */,
			);
			defaultConfigurationIsVisible = 0;
			defaultConfigurationName = Release;
		};
/* End XCConfigurationList section */

/* Begin XCVersionGroup section */
		2F4AD28E2846C00600F3726E /* Module_14.xcdatamodeld */ = {
			isa = XCVersionGroup;
			children = (
				2F4AD28F2846C00600F3726E /* Module_14.xcdatamodel */,
			);
			currentVersion = 2F4AD28F2846C00600F3726E /* Module_14.xcdatamodel */;
			path = Module_14.xcdatamodeld;
			sourceTree = "<group>";
			versionGroupType = wrapper.xcdatamodel;
		};
/* End XCVersionGroup section */
	};
	rootObject = 2F4AD27A2846C00500F3726E /* Project object */;
}
